
Microsoft Visual Studio Solution File, Format Version 12.00
# Visual Studio Version 17
VisualStudioVersion = 17.2.32630.192
MinimumVisualStudioVersion = 10.0.40219.1
Project("{FAE04EC0-301F-11D3-BF4B-00C04F79EFBC}") = "ASP_NET_HW_Module_02_part_01", "ASP_NET_HW_Module_02_part_01\ASP_NET_HW_Module_02_part_01.csproj", "{A5D1789F-84DC-48B8-A645-5FA12991ACA9}"
EndProject
Global
	GlobalSection(SolutionConfigurationPlatforms) = preSolution
		Debug|Any CPU = Debug|Any CPU
		Release|Any CPU = Release|Any CPU
	EndGlobalSection
	GlobalSection(ProjectConfigurationPlatforms) = postSolution
		{A5D1789F-84DC-48B8-A645-5FA12991ACA9}.Debug|Any CPU.ActiveCfg = Debug|Any CPU
		{A5D1789F-84DC-48B8-A645-5FA12991ACA9}.Debug|Any CPU.Build.0 = Debug|Any CPU
		{A5D1789F-84DC-48B8-A645-5FA12991ACA9}.Release|Any CPU.ActiveCfg = Release|Any CPU
		{A5D1789F-84DC-48B8-A645-5FA12991ACA9}.Release|Any CPU.Build.0 = Release|Any CPU
	EndGlobalSection
	GlobalSection(SolutionProperties) = preSolution
		HideSolutionNode = FALSE
	EndGlobalSection
	GlobalSection(ExtensibilityGlobals) = postSolution
		SolutionGuid = {D40C0AF2-A5F8-46BC-9948-B606762AFACD}
	EndGlobalSection
EndGlobal
